
Microsoft Visual Studio Solution File, Format Version 12.00
# Visual Studio Version 17
VisualStudioVersion = 17.0.31903.59
MinimumVisualStudioVersion = 10.0.40219.1
Project("{2150E333-8FDC-42A3-9474-1A3956D46DE8}") = "src", "src", "{827E0CD3-B72D-47B6-A68D-7590B98EB39B}"
EndProject
Project("{FAE04EC0-301F-11D3-BF4B-00C04F79EFBC}") = "IqTest.Domain", "src\IqTest.Domain\IqTest.Domain.csproj", "{D7B95D2C-4C31-4AD4-806C-FE27DBF38FAB}"
EndProject
Project("{FAE04EC0-301F-11D3-BF4B-00C04F79EFBC}") = "IqTest.Infrastructure", "src\IqTest.Infrastructure\IqTest.Infrastructure.csproj", "{F963C9F4-3B0C-4F1C-9234-63233F9EB11B}"
EndProject
Project("{FAE04EC0-301F-11D3-BF4B-00C04F79EFBC}") = "IqTest.Application", "src\IqTest.Application\IqTest.Application.csproj", "{5B817005-572D-4E26-AF22-0BF6951C8C53}"
EndProject
Project("{FAE04EC0-301F-11D3-BF4B-00C04F79EFBC}") = "IqTest.Web", "src\IqTest.Web\IqTest.Web.csproj", "{253700CA-FA5E-4B4F-822F-FE2765022143}"
EndProject
Project("{FAE04EC0-301F-11D3-BF4B-00C04F79EFBC}") = "IqTest.Domain.Tests", "tests\IqTest.Domain.Tests\IqTest.Domain.Tests.csproj", "{5C3E2466-327C-4686-96BF-00D99B673EC8}"
EndProject
Project("{FAE04EC0-301F-11D3-BF4B-00C04F79EFBC}") = "IqTest.Infrastructure.Tests", "tests\IqTest.Infrastructure.Tests\IqTest.Infrastructure.Tests.csproj", "{ECA6DEB3-330E-40D9-A626-0041CD94509B}"
EndProject
Project("{FAE04EC0-301F-11D3-BF4B-00C04F79EFBC}") = "IqTest.Application.Tests", "tests\IqTest.Application.Tests\IqTest.Application.Tests.csproj", "{9730507A-E36A-4B3E-BD55-63253F0550AF}"
EndProject
Project("{FAE04EC0-301F-11D3-BF4B-00C04F79EFBC}") = "IqTest.Web.Tests", "tests\IqTest.Web.Tests\IqTest.Web.Tests.csproj", "{B4D96D9E-6B39-45EB-9446-C9A123B8E2A2}"
EndProject
Global
	GlobalSection(SolutionConfigurationPlatforms) = preSolution
		Debug|Any CPU = Debug|Any CPU
		Debug|x64 = Debug|x64
		Debug|x86 = Debug|x86
		Release|Any CPU = Release|Any CPU
		Release|x64 = Release|x64
		Release|x86 = Release|x86
	EndGlobalSection
	GlobalSection(ProjectConfigurationPlatforms) = postSolution
		{D7B95D2C-4C31-4AD4-806C-FE27DBF38FAB}.Debug|Any CPU.ActiveCfg = Debug|Any CPU
		{D7B95D2C-4C31-4AD4-806C-FE27DBF38FAB}.Debug|Any CPU.Build.0 = Debug|Any CPU
		{D7B95D2C-4C31-4AD4-806C-FE27DBF38FAB}.Debug|x64.ActiveCfg = Debug|Any CPU
		{D7B95D2C-4C31-4AD4-806C-FE27DBF38FAB}.Debug|x64.Build.0 = Debug|Any CPU
		{D7B95D2C-4C31-4AD4-806C-FE27DBF38FAB}.Debug|x86.ActiveCfg = Debug|Any CPU
		{D7B95D2C-4C31-4AD4-806C-FE27DBF38FAB}.Debug|x86.Build.0 = Debug|Any CPU
		{D7B95D2C-4C31-4AD4-806C-FE27DBF38FAB}.Release|Any CPU.ActiveCfg = Release|Any CPU
		{D7B95D2C-4C31-4AD4-806C-FE27DBF38FAB}.Release|Any CPU.Build.0 = Release|Any CPU
		{D7B95D2C-4C31-4AD4-806C-FE27DBF38FAB}.Release|x64.ActiveCfg = Release|Any CPU
		{D7B95D2C-4C31-4AD4-806C-FE27DBF38FAB}.Release|x64.Build.0 = Release|Any CPU
		{D7B95D2C-4C31-4AD4-806C-FE27DBF38FAB}.Release|x86.ActiveCfg = Release|Any CPU
		{D7B95D2C-4C31-4AD4-806C-FE27DBF38FAB}.Release|x86.Build.0 = Release|Any CPU
		{F963C9F4-3B0C-4F1C-9234-63233F9EB11B}.Debug|Any CPU.ActiveCfg = Debug|Any CPU
		{F963C9F4-3B0C-4F1C-9234-63233F9EB11B}.Debug|Any CPU.Build.0 = Debug|Any CPU
		{F963C9F4-3B0C-4F1C-9234-63233F9EB11B}.Debug|x64.ActiveCfg = Debug|Any CPU
		{F963C9F4-3B0C-4F1C-9234-63233F9EB11B}.Debug|x64.Build.0 = Debug|Any CPU
		{F963C9F4-3B0C-4F1C-9234-63233F9EB11B}.Debug|x86.ActiveCfg = Debug|Any CPU
		{F963C9F4-3B0C-4F1C-9234-63233F9EB11B}.Debug|x86.Build.0 = Debug|Any CPU
		{F963C9F4-3B0C-4F1C-9234-63233F9EB11B}.Release|Any CPU.ActiveCfg = Release|Any CPU
		{F963C9F4-3B0C-4F1C-9234-63233F9EB11B}.Release|Any CPU.Build.0 = Release|Any CPU
		{F963C9F4-3B0C-4F1C-9234-63233F9EB11B}.Release|x64.ActiveCfg = Release|Any CPU
		{F963C9F4-3B0C-4F1C-9234-63233F9EB11B}.Release|x64.Build.0 = Release|Any CPU
		{F963C9F4-3B0C-4F1C-9234-63233F9EB11B}.Release|x86.ActiveCfg = Release|Any CPU
		{F963C9F4-3B0C-4F1C-9234-63233F9EB11B}.Release|x86.Build.0 = Release|Any CPU
		{5B817005-572D-4E26-AF22-0BF6951C8C53}.Debug|Any CPU.ActiveCfg = Debug|Any CPU
		{5B817005-572D-4E26-AF22-0BF6951C8C53}.Debug|Any CPU.Build.0 = Debug|Any CPU
		{5B817005-572D-4E26-AF22-0BF6951C8C53}.Debug|x64.ActiveCfg = Debug|Any CPU
		{5B817005-572D-4E26-AF22-0BF6951C8C53}.Debug|x64.Build.0 = Debug|Any CPU
		{5B817005-572D-4E26-AF22-0BF6951C8C53}.Debug|x86.ActiveCfg = Debug|Any CPU
		{5B817005-572D-4E26-AF22-0BF6951C8C53}.Debug|x86.Build.0 = Debug|Any CPU
		{5B817005-572D-4E26-AF22-0BF6951C8C53}.Release|Any CPU.ActiveCfg = Release|Any CPU
		{5B817005-572D-4E26-AF22-0BF6951C8C53}.Release|Any CPU.Build.0 = Release|Any CPU
		{5B817005-572D-4E26-AF22-0BF6951C8C53}.Release|x64.ActiveCfg = Release|Any CPU
		{5B817005-572D-4E26-AF22-0BF6951C8C53}.Release|x64.Build.0 = Release|Any CPU
		{5B817005-572D-4E26-AF22-0BF6951C8C53}.Release|x86.ActiveCfg = Release|Any CPU
		{5B817005-572D-4E26-AF22-0BF6951C8C53}.Release|x86.Build.0 = Release|Any CPU
		{253700CA-FA5E-4B4F-822F-FE2765022143}.Debug|Any CPU.ActiveCfg = Debug|Any CPU
		{253700CA-FA5E-4B4F-822F-FE2765022143}.Debug|Any CPU.Build.0 = Debug|Any CPU
		{253700CA-FA5E-4B4F-822F-FE2765022143}.Debug|x64.ActiveCfg = Debug|Any CPU
		{253700CA-FA5E-4B4F-822F-FE2765022143}.Debug|x64.Build.0 = Debug|Any CPU
		{253700CA-FA5E-4B4F-822F-FE2765022143}.Debug|x86.ActiveCfg = Debug|Any CPU
		{253700CA-FA5E-4B4F-822F-FE2765022143}.Debug|x86.Build.0 = Debug|Any CPU
		{253700CA-FA5E-4B4F-822F-FE2765022143}.Release|Any CPU.ActiveCfg = Release|Any CPU
		{253700CA-FA5E-4B4F-822F-FE2765022143}.Release|Any CPU.Build.0 = Release|Any CPU
		{253700CA-FA5E-4B4F-822F-FE2765022143}.Release|x64.ActiveCfg = Release|Any CPU
		{253700CA-FA5E-4B4F-822F-FE2765022143}.Release|x64.Build.0 = Release|Any CPU
		{253700CA-FA5E-4B4F-822F-FE2765022143}.Release|x86.ActiveCfg = Release|Any CPU
		{253700CA-FA5E-4B4F-822F-FE2765022143}.Release|x86.Build.0 = Release|Any CPU
		{5C3E2466-327C-4686-96BF-00D99B673EC8}.Debug|Any CPU.ActiveCfg = Debug|Any CPU
		{5C3E2466-327C-4686-96BF-00D99B673EC8}.Debug|Any CPU.Build.0 = Debug|Any CPU
		{5C3E2466-327C-4686-96BF-00D99B673EC8}.Debug|x64.ActiveCfg = Debug|Any CPU
		{5C3E2466-327C-4686-96BF-00D99B673EC8}.Debug|x64.Build.0 = Debug|Any CPU
		{5C3E2466-327C-4686-96BF-00D99B673EC8}.Debug|x86.ActiveCfg = Debug|Any CPU
		{5C3E2466-327C-4686-96BF-00D99B673EC8}.Debug|x86.Build.0 = Debug|Any CPU
		{5C3E2466-327C-4686-96BF-00D99B673EC8}.Release|Any CPU.ActiveCfg = Release|Any CPU
		{5C3E2466-327C-4686-96BF-00D99B673EC8}.Release|Any CPU.Build.0 = Release|Any CPU
		{5C3E2466-327C-4686-96BF-00D99B673EC8}.Release|x64.ActiveCfg = Release|Any CPU
		{5C3E2466-327C-4686-96BF-00D99B673EC8}.Release|x64.Build.0 = Release|Any CPU
		{5C3E2466-327C-4686-96BF-00D99B673EC8}.Release|x86.ActiveCfg = Release|Any CPU
		{5C3E2466-327C-4686-96BF-00D99B673EC8}.Release|x86.Build.0 = Release|Any CPU
		{ECA6DEB3-330E-40D9-A626-0041CD94509B}.Debug|Any CPU.ActiveCfg = Debug|Any CPU
		{ECA6DEB3-330E-40D9-A626-0041CD94509B}.Debug|Any CPU.Build.0 = Debug|Any CPU
		{ECA6DEB3-330E-40D9-A626-0041CD94509B}.Debug|x64.ActiveCfg = Debug|Any CPU
		{ECA6DEB3-330E-40D9-A626-0041CD94509B}.Debug|x64.Build.0 = Debug|Any CPU
		{ECA6DEB3-330E-40D9-A626-0041CD94509B}.Debug|x86.ActiveCfg = Debug|Any CPU
		{ECA6DEB3-330E-40D9-A626-0041CD94509B}.Debug|x86.Build.0 = Debug|Any CPU
		{ECA6DEB3-330E-40D9-A626-0041CD94509B}.Release|Any CPU.ActiveCfg = Release|Any CPU
		{ECA6DEB3-330E-40D9-A626-0041CD94509B}.Release|Any CPU.Build.0 = Release|Any CPU
		{ECA6DEB3-330E-40D9-A626-0041CD94509B}.Release|x64.ActiveCfg = Release|Any CPU
		{ECA6DEB3-330E-40D9-A626-0041CD94509B}.Release|x64.Build.0 = Release|Any CPU
		{ECA6DEB3-330E-40D9-A626-0041CD94509B}.Release|x86.ActiveCfg = Release|Any CPU
		{ECA6DEB3-330E-40D9-A626-0041CD94509B}.Release|x86.Build.0 = Release|Any CPU
		{9730507A-E36A-4B3E-BD55-63253F0550AF}.Debug|Any CPU.ActiveCfg = Debug|Any CPU
		{9730507A-E36A-4B3E-BD55-63253F0550AF}.Debug|Any CPU.Build.0 = Debug|Any CPU
		{9730507A-E36A-4B3E-BD55-63253F0550AF}.Debug|x64.ActiveCfg = Debug|Any CPU
		{9730507A-E36A-4B3E-BD55-63253F0550AF}.Debug|x64.Build.0 = Debug|Any CPU
		{9730507A-E36A-4B3E-BD55-63253F0550AF}.Debug|x86.ActiveCfg = Debug|Any CPU
		{9730507A-E36A-4B3E-BD55-63253F0550AF}.Debug|x86.Build.0 = Debug|Any CPU
		{9730507A-E36A-4B3E-BD55-63253F0550AF}.Release|Any CPU.ActiveCfg = Release|Any CPU
		{9730507A-E36A-4B3E-BD55-63253F0550AF}.Release|Any CPU.Build.0 = Release|Any CPU
		{9730507A-E36A-4B3E-BD55-63253F0550AF}.Release|x64.ActiveCfg = Release|Any CPU
		{9730507A-E36A-4B3E-BD55-63253F0550AF}.Release|x64.Build.0 = Release|Any CPU
		{9730507A-E36A-4B3E-BD55-63253F0550AF}.Release|x86.ActiveCfg = Release|Any CPU
		{9730507A-E36A-4B3E-BD55-63253F0550AF}.Release|x86.Build.0 = Release|Any CPU
		{B4D96D9E-6B39-45EB-9446-C9A123B8E2A2}.Debug|Any CPU.ActiveCfg = Debug|Any CPU
		{B4D96D9E-6B39-45EB-9446-C9A123B8E2A2}.Debug|Any CPU.Build.0 = Debug|Any CPU
		{B4D96D9E-6B39-45EB-9446-C9A123B8E2A2}.Debug|x64.ActiveCfg = Debug|Any CPU
		{B4D96D9E-6B39-45EB-9446-C9A123B8E2A2}.Debug|x64.Build.0 = Debug|Any CPU
		{B4D96D9E-6B39-45EB-9446-C9A123B8E2A2}.Debug|x86.ActiveCfg = Debug|Any CPU
		{B4D96D9E-6B39-45EB-9446-C9A123B8E2A2}.Debug|x86.Build.0 = Debug|Any CPU
		{B4D96D9E-6B39-45EB-9446-C9A123B8E2A2}.Release|Any CPU.ActiveCfg = Release|Any CPU
		{B4D96D9E-6B39-45EB-9446-C9A123B8E2A2}.Release|Any CPU.Build.0 = Release|Any CPU
		{B4D96D9E-6B39-45EB-9446-C9A123B8E2A2}.Release|x64.ActiveCfg = Release|Any CPU
		{B4D96D9E-6B39-45EB-9446-C9A123B8E2A2}.Release|x64.Build.0 = Release|Any CPU
		{B4D96D9E-6B39-45EB-9446-C9A123B8E2A2}.Release|x86.ActiveCfg = Release|Any CPU
		{B4D96D9E-6B39-45EB-9446-C9A123B8E2A2}.Release|x86.Build.0 = Release|Any CPU
	EndGlobalSection
	GlobalSection(SolutionProperties) = preSolution
		HideSolutionNode = FALSE
	EndGlobalSection
	GlobalSection(NestedProjects) = preSolution
		{D7B95D2C-4C31-4AD4-806C-FE27DBF38FAB} = {827E0CD3-B72D-47B6-A68D-7590B98EB39B}
		{F963C9F4-3B0C-4F1C-9234-63233F9EB11B} = {827E0CD3-B72D-47B6-A68D-7590B98EB39B}
		{5B817005-572D-4E26-AF22-0BF6951C8C53} = {827E0CD3-B72D-47B6-A68D-7590B98EB39B}
		{253700CA-FA5E-4B4F-822F-FE2765022143} = {827E0CD3-B72D-47B6-A68D-7590B98EB39B}
		{5C3E2466-327C-4686-96BF-00D99B673EC8} = {827E0CD3-B72D-47B6-A68D-7590B98EB39B}
		{ECA6DEB3-330E-40D9-A626-0041CD94509B} = {827E0CD3-B72D-47B6-A68D-7590B98EB39B}
		{9730507A-E36A-4B3E-BD55-63253F0550AF} = {827E0CD3-B72D-47B6-A68D-7590B98EB39B}
		{B4D96D9E-6B39-45EB-9446-C9A123B8E2A2} = {827E0CD3-B72D-47B6-A68D-7590B98EB39B}
	EndGlobalSection
EndGlobal
